
Microsoft Visual Studio Solution File, Format Version 12.00
# Visual Studio Version 16
VisualStudioVersion = 16.0.33214.272
MinimumVisualStudioVersion = 10.0.40219.1
Project("{8BC9CEB8-8B4A-11D0-8D11-00A0C91BC942}") = "4", "4\4.vcxproj", "{C49B1217-1DB5-4718-AC93-8D3F1E0349EB}"
EndProject
Global
	GlobalSection(SolutionConfigurationPlatforms) = preSolution
		Debug|x64 = Debug|x64
		Debug|x86 = Debug|x86
		Release|x64 = Release|x64
		Release|x86 = Release|x86
	EndGlobalSection
	GlobalSection(ProjectConfigurationPlatforms) = postSolution
		{C49B1217-1DB5-4718-AC93-8D3F1E0349EB}.Debug|x64.ActiveCfg = Debug|x64
		{C49B1217-1DB5-4718-AC93-8D3F1E0349EB}.Debug|x64.Build.0 = Debug|x64
		{C49B1217-1DB5-4718-AC93-8D3F1E0349EB}.Debug|x86.ActiveCfg = Debug|Win32
		{C49B1217-1DB5-4718-AC93-8D3F1E0349EB}.Debug|x86.Build.0 = Debug|Win32
		{C49B1217-1DB5-4718-AC93-8D3F1E0349EB}.Release|x64.ActiveCfg = Release|x64
		{C49B1217-1DB5-4718-AC93-8D3F1E0349EB}.Release|x64.Build.0 = Release|x64
		{C49B1217-1DB5-4718-AC93-8D3F1E0349EB}.Release|x86.ActiveCfg = Release|Win32
		{C49B1217-1DB5-4718-AC93-8D3F1E0349EB}.Release|x86.Build.0 = Release|Win32
	EndGlobalSection
	GlobalSection(SolutionProperties) = preSolution
		HideSolutionNode = FALSE
	EndGlobalSection
	GlobalSection(ExtensibilityGlobals) = postSolution
		SolutionGuid = {5CD39F75-B2E8-4391-997F-90A43AFF3157}
	EndGlobalSection
EndGlobal
